
Microsoft Visual Studio Solution File, Format Version 12.00
# Visual Studio Version 17
VisualStudioVersion = 17.11.35312.102
MinimumVisualStudioVersion = 10.0.40219.1
Project("{FAE04EC0-301F-11D3-BF4B-00C04F79EFBC}") = "ProdutoAddRemov", "ProdutoAddRemov\ProdutoAddRemov.csproj", "{31AEE513-3251-40E0-8ABF-06E0A1686699}"
EndProject
Global
	GlobalSection(SolutionConfigurationPlatforms) = preSolution
		Debug|Any CPU = Debug|Any CPU
		Release|Any CPU = Release|Any CPU
	EndGlobalSection
	GlobalSection(ProjectConfigurationPlatforms) = postSolution
		{31AEE513-3251-40E0-8ABF-06E0A1686699}.Debug|Any CPU.ActiveCfg = Debug|Any CPU
		{31AEE513-3251-40E0-8ABF-06E0A1686699}.Debug|Any CPU.Build.0 = Debug|Any CPU
		{31AEE513-3251-40E0-8ABF-06E0A1686699}.Release|Any CPU.ActiveCfg = Release|Any CPU
		{31AEE513-3251-40E0-8ABF-06E0A1686699}.Release|Any CPU.Build.0 = Release|Any CPU
	EndGlobalSection
	GlobalSection(SolutionProperties) = preSolution
		HideSolutionNode = FALSE
	EndGlobalSection
	GlobalSection(ExtensibilityGlobals) = postSolution
		SolutionGuid = {E50A8DC6-3BCB-4650-B949-E73DEC557B1B}
	EndGlobalSection
EndGlobal
